
Microsoft Visual Studio Solution File, Format Version 12.00
Project("{2150E333-8FDC-42A3-9474-1A3956D46DE8}") = "src", "src", "{98D03D48-3054-4C08-8389-A8B19B8F7A68}"
EndProject
Project("{FAE04EC0-301F-11D3-BF4B-00C04F79EFBC}") = "Trainer.WebApi", "Trainer.WebApi\Trainer.WebApi.csproj", "{4C5EDBFC-C8E5-4044-8CCD-E9E5137CF14F}"
EndProject
Project("{FAE04EC0-301F-11D3-BF4B-00C04F79EFBC}") = "Trainer.Verification", "Trainer.Verification\Trainer.Verification.csproj", "{0D48CD2B-9307-4C4B-BB42-C8F3EA3A7E8E}"
EndProject
Project("{FAE04EC0-301F-11D3-BF4B-00C04F79EFBC}") = "Trainer.Database", "Trainer.Database\Trainer.Database.csproj", "{5D145B3B-592D-48BF-8AFF-73117194D2B4}"
EndProject
Project("{FAE04EC0-301F-11D3-BF4B-00C04F79EFBC}") = "Client", "Client\Client.esproj", "{0B49D356-3EF3-4849-B7E2-14E5BEC8C564}"
EndProject
Project("{2150E333-8FDC-42A3-9474-1A3956D46DE8}") = "tests", "tests", "{6CDA6AB6-8E27-4691-AAC9-9CAE8A18B388}"
EndProject
Project("{FAE04EC0-301F-11D3-BF4B-00C04F79EFBC}") = "Trainer.Unit", "Trainer.Unit\Trainer.Unit.csproj", "{AABBA5CB-BADB-42D7-88DD-3B31F8ECBC98}"
EndProject
Global
	GlobalSection(SolutionConfigurationPlatforms) = preSolution
		Debug|Any CPU = Debug|Any CPU
		Release|Any CPU = Release|Any CPU
	EndGlobalSection
	GlobalSection(NestedProjects) = preSolution
		{5D145B3B-592D-48BF-8AFF-73117194D2B4} = {98D03D48-3054-4C08-8389-A8B19B8F7A68}
		{0D48CD2B-9307-4C4B-BB42-C8F3EA3A7E8E} = {98D03D48-3054-4C08-8389-A8B19B8F7A68}
		{0B49D356-3EF3-4849-B7E2-14E5BEC8C564} = {98D03D48-3054-4C08-8389-A8B19B8F7A68}
		{4C5EDBFC-C8E5-4044-8CCD-E9E5137CF14F} = {98D03D48-3054-4C08-8389-A8B19B8F7A68}
		{AABBA5CB-BADB-42D7-88DD-3B31F8ECBC98} = {6CDA6AB6-8E27-4691-AAC9-9CAE8A18B388}
	EndGlobalSection
	GlobalSection(ProjectConfigurationPlatforms) = postSolution
		{5D145B3B-592D-48BF-8AFF-73117194D2B4}.Debug|Any CPU.ActiveCfg = Debug|Any CPU
		{5D145B3B-592D-48BF-8AFF-73117194D2B4}.Debug|Any CPU.Build.0 = Debug|Any CPU
		{5D145B3B-592D-48BF-8AFF-73117194D2B4}.Release|Any CPU.ActiveCfg = Release|Any CPU
		{5D145B3B-592D-48BF-8AFF-73117194D2B4}.Release|Any CPU.Build.0 = Release|Any CPU
		{0D48CD2B-9307-4C4B-BB42-C8F3EA3A7E8E}.Debug|Any CPU.ActiveCfg = Debug|Any CPU
		{0D48CD2B-9307-4C4B-BB42-C8F3EA3A7E8E}.Debug|Any CPU.Build.0 = Debug|Any CPU
		{0D48CD2B-9307-4C4B-BB42-C8F3EA3A7E8E}.Release|Any CPU.ActiveCfg = Release|Any CPU
		{0D48CD2B-9307-4C4B-BB42-C8F3EA3A7E8E}.Release|Any CPU.Build.0 = Release|Any CPU
		{0B49D356-3EF3-4849-B7E2-14E5BEC8C564}.Debug|Any CPU.ActiveCfg = Debug|Any CPU
		{0B49D356-3EF3-4849-B7E2-14E5BEC8C564}.Debug|Any CPU.Build.0 = Debug|Any CPU
		{0B49D356-3EF3-4849-B7E2-14E5BEC8C564}.Release|Any CPU.ActiveCfg = Debug|Any CPU
		{0B49D356-3EF3-4849-B7E2-14E5BEC8C564}.Release|Any CPU.Build.0 = Debug|Any CPU
		{4C5EDBFC-C8E5-4044-8CCD-E9E5137CF14F}.Debug|Any CPU.ActiveCfg = Debug|Any CPU
		{4C5EDBFC-C8E5-4044-8CCD-E9E5137CF14F}.Debug|Any CPU.Build.0 = Debug|Any CPU
		{4C5EDBFC-C8E5-4044-8CCD-E9E5137CF14F}.Release|Any CPU.ActiveCfg = Release|Any CPU
		{4C5EDBFC-C8E5-4044-8CCD-E9E5137CF14F}.Release|Any CPU.Build.0 = Release|Any CPU
		{AABBA5CB-BADB-42D7-88DD-3B31F8ECBC98}.Debug|Any CPU.ActiveCfg = Debug|Any CPU
		{AABBA5CB-BADB-42D7-88DD-3B31F8ECBC98}.Debug|Any CPU.Build.0 = Debug|Any CPU
		{AABBA5CB-BADB-42D7-88DD-3B31F8ECBC98}.Release|Any CPU.ActiveCfg = Release|Any CPU
		{AABBA5CB-BADB-42D7-88DD-3B31F8ECBC98}.Release|Any CPU.Build.0 = Release|Any CPU
	EndGlobalSection
EndGlobal
